
Microsoft Visual Studio Solution File, Format Version 12.00
# Visual Studio Version 17
VisualStudioVersion = 17.5.2.0
MinimumVisualStudioVersion = 10.0.40219.1
Project("{FAE04EC0-301F-11D3-BF4B-00C04F79EFBC}") = "InteractiveMap.Server", "InteractiveMap.Server\InteractiveMap.Server.csproj", "{0227C3B9-8C58-87B0-1B4F-CFC5E10CE474}"
EndProject
Project("{FAE04EC0-301F-11D3-BF4B-00C04F79EFBC}") = "InteractiveMap.Tests", "InteractiveMap.Tests\InteractiveMap.Tests.csproj", "{FF7D8DD4-E03E-4368-B687-3CC594E55954}"
EndProject
Global
	GlobalSection(SolutionConfigurationPlatforms) = preSolution
		Debug|Any CPU = Debug|Any CPU
		Debug|x64 = Debug|x64
		Debug|x86 = Debug|x86
		Release|Any CPU = Release|Any CPU
		Release|x64 = Release|x64
		Release|x86 = Release|x86
	EndGlobalSection
	GlobalSection(ProjectConfigurationPlatforms) = postSolution
		{0227C3B9-8C58-87B0-1B4F-CFC5E10CE474}.Debug|Any CPU.ActiveCfg = Debug|Any CPU
		{0227C3B9-8C58-87B0-1B4F-CFC5E10CE474}.Debug|Any CPU.Build.0 = Debug|Any CPU
		{0227C3B9-8C58-87B0-1B4F-CFC5E10CE474}.Debug|x64.ActiveCfg = Debug|Any CPU
		{0227C3B9-8C58-87B0-1B4F-CFC5E10CE474}.Debug|x64.Build.0 = Debug|Any CPU
		{0227C3B9-8C58-87B0-1B4F-CFC5E10CE474}.Debug|x86.ActiveCfg = Debug|Any CPU
		{0227C3B9-8C58-87B0-1B4F-CFC5E10CE474}.Debug|x86.Build.0 = Debug|Any CPU
		{0227C3B9-8C58-87B0-1B4F-CFC5E10CE474}.Release|Any CPU.ActiveCfg = Release|Any CPU
		{0227C3B9-8C58-87B0-1B4F-CFC5E10CE474}.Release|Any CPU.Build.0 = Release|Any CPU
		{0227C3B9-8C58-87B0-1B4F-CFC5E10CE474}.Release|x64.ActiveCfg = Release|Any CPU
		{0227C3B9-8C58-87B0-1B4F-CFC5E10CE474}.Release|x64.Build.0 = Release|Any CPU
		{0227C3B9-8C58-87B0-1B4F-CFC5E10CE474}.Release|x86.ActiveCfg = Release|Any CPU
		{0227C3B9-8C58-87B0-1B4F-CFC5E10CE474}.Release|x86.Build.0 = Release|Any CPU
		{FF7D8DD4-E03E-4368-B687-3CC594E55954}.Debug|Any CPU.ActiveCfg = Debug|Any CPU
		{FF7D8DD4-E03E-4368-B687-3CC594E55954}.Debug|Any CPU.Build.0 = Debug|Any CPU
		{FF7D8DD4-E03E-4368-B687-3CC594E55954}.Debug|x64.ActiveCfg = Debug|Any CPU
		{FF7D8DD4-E03E-4368-B687-3CC594E55954}.Debug|x64.Build.0 = Debug|Any CPU
		{FF7D8DD4-E03E-4368-B687-3CC594E55954}.Debug|x86.ActiveCfg = Debug|Any CPU
		{FF7D8DD4-E03E-4368-B687-3CC594E55954}.Debug|x86.Build.0 = Debug|Any CPU
		{FF7D8DD4-E03E-4368-B687-3CC594E55954}.Release|Any CPU.ActiveCfg = Release|Any CPU
		{FF7D8DD4-E03E-4368-B687-3CC594E55954}.Release|Any CPU.Build.0 = Release|Any CPU
		{FF7D8DD4-E03E-4368-B687-3CC594E55954}.Release|x64.ActiveCfg = Release|Any CPU
		{FF7D8DD4-E03E-4368-B687-3CC594E55954}.Release|x64.Build.0 = Release|Any CPU
		{FF7D8DD4-E03E-4368-B687-3CC594E55954}.Release|x86.ActiveCfg = Release|Any CPU
		{FF7D8DD4-E03E-4368-B687-3CC594E55954}.Release|x86.Build.0 = Release|Any CPU
	EndGlobalSection
	GlobalSection(SolutionProperties) = preSolution
		HideSolutionNode = FALSE
	EndGlobalSection
	GlobalSection(ExtensibilityGlobals) = postSolution
		SolutionGuid = {A70B04A4-3975-4372-B192-517E3C8771FA}
	EndGlobalSection
EndGlobal
